{
  "version": 4,
  "terraform_version": "1.9.4",
  "serial": 49,
  "lineage": "1ef3c5d1-0a6d-1a17-e405-46d7543ff499",
  "outputs": {},
  "resources": [
    {
      "mode": "managed",
      "type": "google_compute_network",
      "name": "vpc_network",
      "provider": "provider[\"registry.terraform.io/hashicorp/google\"]",
      "instances": [
        {
          "schema_version": 0,
          "attributes": {
            "auto_create_subnetworks": true,
            "delete_default_routes_on_create": false,
            "description": "",
            "enable_ula_internal_ipv6": false,
            "gateway_ipv4": "",
            "id": "projects/shortly-time-api/global/networks/shortlet-time-vpc-network",
            "internal_ipv6_range": "",
            "mtu": 0,
            "name": "shortlet-time-vpc-network",
            "network_firewall_policy_enforcement_order": "AFTER_CLASSIC_FIREWALL",
            "numeric_id": "8259469477649336387",
            "project": "shortly-time-api",
            "routing_mode": "REGIONAL",
            "self_link": "https://www.googleapis.com/compute/v1/projects/shortly-time-api/global/networks/shortlet-time-vpc-network",
            "timeouts": null
          },
          "sensitive_attributes": [],
          "private": "eyJlMmJmYjczMC1lY2FhLTExZTYtOGY4OC0zNDM2M2JjN2M0YzAiOnsiY3JlYXRlIjoxMjAwMDAwMDAwMDAwLCJkZWxldGUiOjEyMDAwMDAwMDAwMDAsInVwZGF0ZSI6MTIwMDAwMDAwMDAwMH19"
        }
      ]
    },
    {
      "mode": "managed",
      "type": "google_compute_subnetwork",
      "name": "subnet",
      "provider": "provider[\"registry.terraform.io/hashicorp/google\"]",
      "instances": [
        {
          "schema_version": 0,
          "attributes": {
            "creation_timestamp": "2024-09-02T10:33:22.761-07:00",
            "description": "",
            "external_ipv6_prefix": "",
            "fingerprint": null,
            "gateway_address": "10.0.0.1",
            "id": "projects/shortly-time-api/regions/us-central1/subnetworks/gke-cluster-subnet",
            "internal_ipv6_prefix": "",
            "ip_cidr_range": "10.0.0.0/24",
            "ipv6_access_type": "",
            "ipv6_cidr_range": "",
            "log_config": [],
            "name": "gke-cluster-subnet",
            "network": "https://www.googleapis.com/compute/v1/projects/shortly-time-api/global/networks/shortlet-time-vpc-network",
            "private_ip_google_access": true,
            "private_ipv6_google_access": "DISABLE_GOOGLE_ACCESS",
            "project": "shortly-time-api",
            "purpose": "PRIVATE",
            "region": "us-central1",
            "reserved_internal_range": "",
            "role": "",
            "secondary_ip_range": [
              {
                "ip_cidr_range": "10.120.0.0/14",
                "range_name": "gke-time-api-gke-cluster-pods-99d08b4f",
                "reserved_internal_range": ""
              }
            ],
            "self_link": "https://www.googleapis.com/compute/v1/projects/shortly-time-api/regions/us-central1/subnetworks/gke-cluster-subnet",
            "send_secondary_ip_range_if_empty": null,
            "stack_type": "IPV4_ONLY",
            "timeouts": null
          },
          "sensitive_attributes": [],
          "private": "eyJlMmJmYjczMC1lY2FhLTExZTYtOGY4OC0zNDM2M2JjN2M0YzAiOnsiY3JlYXRlIjoxMjAwMDAwMDAwMDAwLCJkZWxldGUiOjEyMDAwMDAwMDAwMDAsInVwZGF0ZSI6MTIwMDAwMDAwMDAwMH19",
          "dependencies": [
            "google_compute_network.vpc_network"
          ]
        }
      ]
    },
    {
      "mode": "managed",
      "type": "google_container_cluster",
      "name": "gke_cluster",
      "provider": "provider[\"registry.terraform.io/hashicorp/google\"]",
      "instances": [
        {
          "schema_version": 2,
          "attributes": {
            "addons_config": [
              {
                "cloudrun_config": [],
                "config_connector_config": [],
                "dns_cache_config": [],
                "gce_persistent_disk_csi_driver_config": [
                  {
                    "enabled": true
                  }
                ],
                "gcp_filestore_csi_driver_config": [],
                "gcs_fuse_csi_driver_config": [],
                "gke_backup_agent_config": [],
                "horizontal_pod_autoscaling": [],
                "http_load_balancing": [],
                "network_policy_config": [
                  {
                    "disabled": true
                  }
                ],
                "ray_operator_config": [],
                "stateful_ha_config": []
              }
            ],
            "allow_net_admin": null,
            "authenticator_groups_config": [],
            "binary_authorization": [
              {
                "enabled": false,
                "evaluation_mode": ""
              }
            ],
            "cluster_autoscaling": [
              {
                "auto_provisioning_defaults": [],
                "auto_provisioning_locations": [],
                "autoscaling_profile": "BALANCED",
                "enabled": false,
                "resource_limits": []
              }
            ],
            "cluster_ipv4_cidr": "10.120.0.0/14",
            "confidential_nodes": [],
            "cost_management_config": [],
            "database_encryption": [
              {
                "key_name": "",
                "state": "DECRYPTED"
              }
            ],
            "datapath_provider": "",
            "default_max_pods_per_node": 110,
            "default_snat_status": [
              {
                "disabled": false
              }
            ],
            "deletion_protection": false,
            "description": "",
            "dns_config": [],
            "effective_labels": {
              "goog-terraform-provisioned": "true"
            },
            "enable_autopilot": false,
            "enable_cilium_clusterwide_network_policy": false,
            "enable_intranode_visibility": false,
            "enable_k8s_beta_apis": [],
            "enable_kubernetes_alpha": false,
            "enable_l4_ilb_subsetting": false,
            "enable_legacy_abac": false,
            "enable_multi_networking": false,
            "enable_shielded_nodes": true,
            "enable_tpu": false,
            "endpoint": "34.30.213.244",
            "fleet": [],
            "gateway_api_config": [],
            "id": "projects/shortly-time-api/locations/us-central1/clusters/time-api-gke-cluster",
            "identity_service_config": [],
            "initial_node_count": 1,
            "ip_allocation_policy": [
              {
                "additional_pod_ranges_config": [],
                "cluster_ipv4_cidr_block": "10.120.0.0/14",
                "cluster_secondary_range_name": "gke-time-api-gke-cluster-pods-99d08b4f",
                "pod_cidr_overprovision_config": [
                  {
                    "disabled": false
                  }
                ],
                "services_ipv4_cidr_block": "34.118.224.0/20",
                "services_secondary_range_name": "",
                "stack_type": "IPV4"
              }
            ],
            "label_fingerprint": "78cdf2f6",
            "location": "us-central1",
            "logging_config": [
              {
                "enable_components": [
                  "SYSTEM_COMPONENTS",
                  "WORKLOADS"
                ]
              }
            ],
            "logging_service": "logging.googleapis.com/kubernetes",
            "maintenance_policy": [],
            "master_auth": [
              {
                "client_certificate": "",
                "client_certificate_config": [
                  {
                    "issue_client_certificate": false
                  }
                ],
                "client_key": "",
                "cluster_ca_certificate": "LS0tLS1CRUdJTiBDRVJUSUZJQ0FURS0tLS0tCk1JSUVMVENDQXBXZ0F3SUJBZ0lSQU5IcDJaaUoxbFhTdVFybmFYTmtoUU13RFFZSktvWklodmNOQVFFTEJRQXcKTHpFdE1Dc0dBMVVFQXhNa05qVmtOR1UxWTJVdE9USXhNUzAwTWpCbUxXSTRZMlV0TnpjNFlURTJNalEyT1dVMwpNQ0FYRFRJME1Ea3dNakUyTXpNME9Wb1lEekl3TlRRd09ESTJNVGN6TXpRNVdqQXZNUzB3S3dZRFZRUURFeVEyCk5XUTBaVFZqWlMwNU1qRXhMVFF5TUdZdFlqaGpaUzAzTnpoaE1UWXlORFk1WlRjd2dnR2lNQTBHQ1NxR1NJYjMKRFFFQkFRVUFBNElCandBd2dnR0tBb0lCZ1FEQWw4TVF4ZlRFVXdPUk5rdlZvTXNRQ1VES0s2M0JUbU5UTHltMQpHNEZRRlYyUUVXVXNTZXk0L0x1VVFpQjlYTjlIeU1DaExVUlV3dFpVallVY3JUZ0t4NHZ3ZkJuaXA5Mm52ay9UCm9XTmVkME00ZFBCYm1pdTlzajZUZ0k5NzBGMDR2OU5OcEx6SjR0UHgxSkg2MUMyNG5MV0xUUU9XNTNHQ1FVTDYKRzRVbHVNOEtuU3NCZkxIVzFsNHB3UjhDZjBqdFFYbFFQOXN5SkZOTm81a2lXZVNmeU5YTG0vM29WMks4ZjE1dgpFa1c4TFRObkxnTGdPVmNoYjBTcHh5bHZyZEYwdUIrUVdwMUZiek5sZTdRWkYySDkzbkFTNVJkNHVFNTBUaWdFCkIwQVVCSUNrV2VRZExTR2FKbDZmUjRueDdyc2FJWXB1WGo4ME82ZFhCYWdNOWtoMGVlZ1JuSjZZS2lGWjB0eisKMjFUcnFKMURpMGJ0ejhnOVdzYnpmUHJZMkJYY0puc0M5Zkpicmx4NnRVSStkZUpMZzVGaUQ3K254ZnlheThhQQo5bmFHWDd0Nm1CQXphZlhqdWc1R1liZDJobU4yS2tNMFJXWllxKzBLTU8wMkNaUkI1a1dqKzdhekZFVnBRN0dGCkRDeWhBNWVDc2hDWkp5ME9SUVYyL1dwYU9Qc0NBd0VBQWFOQ01FQXdEZ1lEVlIwUEFRSC9CQVFEQWdJRU1BOEcKQTFVZEV3RUIvd1FGTUFNQkFmOHdIUVlEVlIwT0JCWUVGTzVXcWdobzFPRVJZTjd2OXR6ZFdFQUE4UEJyTUEwRwpDU3FHU0liM0RRRUJDd1VBQTRJQmdRQnAzT2lQdmVKOTNaMkpIYnh2T1I1VDFuRkxlMExpQ1VRUm1Mazluenl0CjVKQXNqWUErbHltbjl5NUNVVndSVTh6aFZGcGljeG80SWdYalc0d1FNcUI1bUV0UzNRMlhmTEZONkoyc1NPT0MKZ1owZGtudGNvSkIrSTdEYlljWjJ5VVU5UlV6eGFOditQR24wbEEzSmthbHVCSXZuTGFjakF2MEZZK1MxKzd1MQpWSkxMcXZ3TE1BaHhXakVDVElwWDdWdzBQcXdKekJwTmQwc2JTK3Y2c2k0bFUyOG5NSHlBbDFRaWtpZndmMzZnCmxPTGRYRnpOL1VpRkc5dTNKbFIzeC9USmxvalRCa1IxMDVqWjdxRnVldG4yckt4ZnlCTTJsL21vd1RJVlRNbjUKa0VBaDBOcUlJUFZHL2k4RFEyZmNLci9RMVJrQkEzWnJEZElROHBkTWtMazNaVzR1dDJ6YWZsODZ1N0gya0ZTRgpDYUpuczhqcGlSYUU5aDdrbkpRMzVoOXpLVHB1NmN1R2FRQmRtdkNEUXZEU0U1ZXYweWJnMVlNSmwxbWZYU09SCjV6V1ZpMlo1YWxUTFJqOEZkeTlJbm5DZmdaRzU5dVBpenN5TzRQZTZ6c1orRlI2Q3VEdVVjTDhpUGc1Q2xWNzYKaHNmamFDcGRvL0d2ZkQvMzhRV1VROVE9Ci0tLS0tRU5EIENFUlRJRklDQVRFLS0tLS0K"
              }
            ],
            "master_authorized_networks_config": [],
            "master_version": "1.29.7-gke.1104000",
            "mesh_certificates": [],
            "min_master_version": null,
            "monitoring_config": [
              {
                "advanced_datapath_observability_config": [
                  {
                    "enable_metrics": false,
                    "enable_relay": false
                  }
                ],
                "enable_components": [
                  "SYSTEM_COMPONENTS",
                  "DEPLOYMENT",
                  "STATEFULSET",
                  "STORAGE",
                  "HPA",
                  "POD",
                  "DAEMONSET",
                  "CADVISOR",
                  "KUBELET"
                ],
                "managed_prometheus": [
                  {
                    "enabled": true
                  }
                ]
              }
            ],
            "monitoring_service": "monitoring.googleapis.com/kubernetes",
            "name": "time-api-gke-cluster",
            "network": "projects/shortly-time-api/global/networks/shortlet-time-vpc-network",
            "network_policy": [
              {
                "enabled": false,
                "provider": "PROVIDER_UNSPECIFIED"
              }
            ],
            "networking_mode": "VPC_NATIVE",
            "node_config": [],
            "node_locations": [
              "us-central1-a",
              "us-central1-b",
              "us-central1-c"
            ],
            "node_pool": [],
            "node_pool_auto_config": [],
            "node_pool_defaults": [
              {
                "node_config_defaults": [
                  {
                    "containerd_config": [],
                    "logging_variant": "DEFAULT"
                  }
                ]
              }
            ],
            "node_version": "1.29.7-gke.1104000",
            "notification_config": [
              {
                "pubsub": [
                  {
                    "enabled": false,
                    "filter": [],
                    "topic": ""
                  }
                ]
              }
            ],
            "operation": null,
            "private_cluster_config": [
              {
                "enable_private_endpoint": false,
                "enable_private_nodes": false,
                "master_global_access_config": [
                  {
                    "enabled": false
                  }
                ],
                "master_ipv4_cidr_block": "",
                "peering_name": "",
                "private_endpoint": "10.0.0.2",
                "private_endpoint_subnetwork": "",
                "public_endpoint": "34.30.213.244"
              }
            ],
            "private_ipv6_google_access": "",
            "project": "shortly-time-api",
            "release_channel": [
              {
                "channel": "REGULAR"
              }
            ],
            "remove_default_node_pool": true,
            "resource_labels": {},
            "resource_usage_export_config": [],
            "security_posture_config": [
              {
                "mode": "BASIC",
                "vulnerability_mode": "VULNERABILITY_MODE_UNSPECIFIED"
              }
            ],
            "self_link": "https://container.googleapis.com/v1/projects/shortly-time-api/locations/us-central1/clusters/time-api-gke-cluster",
            "service_external_ips_config": [
              {
                "enabled": false
              }
            ],
            "services_ipv4_cidr": "34.118.224.0/20",
            "subnetwork": "projects/shortly-time-api/regions/us-central1/subnetworks/gke-cluster-subnet",
            "terraform_labels": {
              "goog-terraform-provisioned": "true"
            },
            "timeouts": null,
            "tpu_ipv4_cidr_block": "",
            "vertical_pod_autoscaling": [],
            "workload_identity_config": []
          },
          "sensitive_attributes": [
            [
              {
                "type": "get_attr",
                "value": "master_auth"
              },
              {
                "type": "index",
                "value": {
                  "value": 0,
                  "type": "number"
                }
              },
              {
                "type": "get_attr",
                "value": "client_key"
              }
            ]
          ],
          "private": "eyJlMmJmYjczMC1lY2FhLTExZTYtOGY4OC0zNDM2M2JjN2M0YzAiOnsiY3JlYXRlIjoyNDAwMDAwMDAwMDAwLCJkZWxldGUiOjI0MDAwMDAwMDAwMDAsInJlYWQiOjI0MDAwMDAwMDAwMDAsInVwZGF0ZSI6MzYwMDAwMDAwMDAwMH0sInNjaGVtYV92ZXJzaW9uIjoiMiJ9",
          "dependencies": [
            "google_compute_network.vpc_network",
            "google_compute_subnetwork.subnet",
            "google_service_account.gke_service_account"
          ]
        }
      ]
    },
    {
      "mode": "managed",
      "type": "google_service_account",
      "name": "gke_service_account",
      "provider": "provider[\"registry.terraform.io/hashicorp/google\"]",
      "instances": [
        {
          "schema_version": 0,
          "attributes": {
            "account_id": "gke-service-account",
            "create_ignore_already_exists": null,
            "description": "",
            "disabled": false,
            "display_name": "GKE Service Account",
            "email": "gke-service-account@shortly-time-api.iam.gserviceaccount.com",
            "id": "projects/shortly-time-api/serviceAccounts/gke-service-account@shortly-time-api.iam.gserviceaccount.com",
            "member": "serviceAccount:gke-service-account@shortly-time-api.iam.gserviceaccount.com",
            "name": "projects/shortly-time-api/serviceAccounts/gke-service-account@shortly-time-api.iam.gserviceaccount.com",
            "project": "shortly-time-api",
            "timeouts": null,
            "unique_id": "106013315390009562738"
          },
          "sensitive_attributes": [],
          "private": "eyJlMmJmYjczMC1lY2FhLTExZTYtOGY4OC0zNDM2M2JjN2M0YzAiOnsiY3JlYXRlIjozMDAwMDAwMDAwMDB9fQ=="
        }
      ]
    }
  ],
  "check_results": null
}
